
Microsoft Visual Studio Solution File, Format Version 12.00
# Visual Studio Version 17
VisualStudioVersion = 17.8.34322.80
MinimumVisualStudioVersion = 10.0.40219.1
Project("{FAE04EC0-301F-11D3-BF4B-00C04F79EFBC}") = "NewProjectLogin", "NewProjectLogin\NewProjectLogin.csproj", "{12F9B5C3-B65A-46D0-B100-77FD81405BDE}"
EndProject
Global
	GlobalSection(SolutionConfigurationPlatforms) = preSolution
		Debug|Any CPU = Debug|Any CPU
		Release|Any CPU = Release|Any CPU
	EndGlobalSection
	GlobalSection(ProjectConfigurationPlatforms) = postSolution
		{12F9B5C3-B65A-46D0-B100-77FD81405BDE}.Debug|Any CPU.ActiveCfg = Debug|Any CPU
		{12F9B5C3-B65A-46D0-B100-77FD81405BDE}.Debug|Any CPU.Build.0 = Debug|Any CPU
		{12F9B5C3-B65A-46D0-B100-77FD81405BDE}.Release|Any CPU.ActiveCfg = Release|Any CPU
		{12F9B5C3-B65A-46D0-B100-77FD81405BDE}.Release|Any CPU.Build.0 = Release|Any CPU
	EndGlobalSection
	GlobalSection(SolutionProperties) = preSolution
		HideSolutionNode = FALSE
	EndGlobalSection
	GlobalSection(ExtensibilityGlobals) = postSolution
		SolutionGuid = {77E8359A-6571-4C3D-8AEA-133D4CBB54EF}
	EndGlobalSection
EndGlobal
